
Microsoft Visual Studio Solution File, Format Version 12.00
# Visual Studio Version 16
VisualStudioVersion = 16.0.31321.278
MinimumVisualStudioVersion = 10.0.40219.1
Project("{FAE04EC0-301F-11D3-BF4B-00C04F79EFBC}") = "DotNetSorteios.Servicos.Modelos", "DotNetSorteios.Servicos.Modelos\DotNetSorteios.Servicos.Modelos.csproj", "{06B22498-FE59-4877-8ADF-8457212068D4}"
EndProject
Project("{FAE04EC0-301F-11D3-BF4B-00C04F79EFBC}") = "DotNetSorteios.Servicos.WebAPI", "DotNetSorteios.Servicos.WebAPI\DotNetSorteios.Servicos.WebAPI.csproj", "{496A8091-277B-47EC-B39C-C5E1EB470982}"
EndProject
Project("{FAE04EC0-301F-11D3-BF4B-00C04F79EFBC}") = "DotNetSorteios.Servicos.AcessoDados", "DotNetSorteios.Servicos.AcessoDados\DotNetSorteios.Servicos.AcessoDados.csproj", "{A8037E70-B12B-4286-BBDB-D16B48B18278}"
EndProject
Global
	GlobalSection(SolutionConfigurationPlatforms) = preSolution
		Debug|Any CPU = Debug|Any CPU
		Release|Any CPU = Release|Any CPU
	EndGlobalSection
	GlobalSection(ProjectConfigurationPlatforms) = postSolution
		{06B22498-FE59-4877-8ADF-8457212068D4}.Debug|Any CPU.ActiveCfg = Debug|Any CPU
		{06B22498-FE59-4877-8ADF-8457212068D4}.Debug|Any CPU.Build.0 = Debug|Any CPU
		{06B22498-FE59-4877-8ADF-8457212068D4}.Release|Any CPU.ActiveCfg = Release|Any CPU
		{06B22498-FE59-4877-8ADF-8457212068D4}.Release|Any CPU.Build.0 = Release|Any CPU
		{496A8091-277B-47EC-B39C-C5E1EB470982}.Debug|Any CPU.ActiveCfg = Debug|Any CPU
		{496A8091-277B-47EC-B39C-C5E1EB470982}.Debug|Any CPU.Build.0 = Debug|Any CPU
		{496A8091-277B-47EC-B39C-C5E1EB470982}.Release|Any CPU.ActiveCfg = Release|Any CPU
		{496A8091-277B-47EC-B39C-C5E1EB470982}.Release|Any CPU.Build.0 = Release|Any CPU
		{A8037E70-B12B-4286-BBDB-D16B48B18278}.Debug|Any CPU.ActiveCfg = Debug|Any CPU
		{A8037E70-B12B-4286-BBDB-D16B48B18278}.Debug|Any CPU.Build.0 = Debug|Any CPU
		{A8037E70-B12B-4286-BBDB-D16B48B18278}.Release|Any CPU.ActiveCfg = Release|Any CPU
		{A8037E70-B12B-4286-BBDB-D16B48B18278}.Release|Any CPU.Build.0 = Release|Any CPU
	EndGlobalSection
	GlobalSection(SolutionProperties) = preSolution
		HideSolutionNode = FALSE
	EndGlobalSection
	GlobalSection(ExtensibilityGlobals) = postSolution
		SolutionGuid = {CE9EA0CA-7422-4D34-805F-63700C366705}
	EndGlobalSection
EndGlobal
